
Microsoft Visual Studio Solution File, Format Version 12.00
# Visual Studio 14
VisualStudioVersion = 14.0.23107.0
MinimumVisualStudioVersion = 10.0.40219.1
Project("{FAE04EC0-301F-11D3-BF4B-00C04F79EFBC}") = "AvisaAi.WebApi", "WebApiExample\AvisaAi.WebApi.csproj", "{D2570676-1478-44E2-88F1-C0A35434EB45}"
EndProject
Project("{2150E333-8FDC-42A3-9474-1A3956D46DE8}") = "0 - WebApi", "0 - WebApi", "{A953D5FE-3B9D-4472-AFA1-29C73CF9FBB5}"
EndProject
Project("{2150E333-8FDC-42A3-9474-1A3956D46DE8}") = "1 - Business", "1 - Business", "{1BCCAF77-C1B8-4437-A104-6341EEAFE0AA}"
EndProject
Project("{2150E333-8FDC-42A3-9474-1A3956D46DE8}") = "2 - Infra", "2 - Infra", "{9EF969E3-EB17-45DD-AD65-806830583161}"
EndProject
Project("{FAE04EC0-301F-11D3-BF4B-00C04F79EFBC}") = "AvisaAi.Business", "AvisaAi.Business\AvisaAi.Business.csproj", "{E0F68221-C752-4608-80C9-7130B49B75E7}"
EndProject
Project("{2150E333-8FDC-42A3-9474-1A3956D46DE8}") = "2.1 - Data", "2.1 - Data", "{699CF3BE-5360-4D44-9436-6D0826E2A614}"
EndProject
Project("{FAE04EC0-301F-11D3-BF4B-00C04F79EFBC}") = "AvisaAi.Data", "AvisaAi.Data\AvisaAi.Data.csproj", "{87F64EF1-8430-48C7-B815-FBD3628987A2}"
EndProject
Global
	GlobalSection(SolutionConfigurationPlatforms) = preSolution
		Debug|Any CPU = Debug|Any CPU
		Release|Any CPU = Release|Any CPU
	EndGlobalSection
	GlobalSection(ProjectConfigurationPlatforms) = postSolution
		{D2570676-1478-44E2-88F1-C0A35434EB45}.Debug|Any CPU.ActiveCfg = Debug|Any CPU
		{D2570676-1478-44E2-88F1-C0A35434EB45}.Debug|Any CPU.Build.0 = Debug|Any CPU
		{D2570676-1478-44E2-88F1-C0A35434EB45}.Release|Any CPU.ActiveCfg = Release|Any CPU
		{D2570676-1478-44E2-88F1-C0A35434EB45}.Release|Any CPU.Build.0 = Release|Any CPU
		{E0F68221-C752-4608-80C9-7130B49B75E7}.Debug|Any CPU.ActiveCfg = Debug|Any CPU
		{E0F68221-C752-4608-80C9-7130B49B75E7}.Debug|Any CPU.Build.0 = Debug|Any CPU
		{E0F68221-C752-4608-80C9-7130B49B75E7}.Release|Any CPU.ActiveCfg = Release|Any CPU
		{E0F68221-C752-4608-80C9-7130B49B75E7}.Release|Any CPU.Build.0 = Release|Any CPU
		{87F64EF1-8430-48C7-B815-FBD3628987A2}.Debug|Any CPU.ActiveCfg = Debug|Any CPU
		{87F64EF1-8430-48C7-B815-FBD3628987A2}.Debug|Any CPU.Build.0 = Debug|Any CPU
		{87F64EF1-8430-48C7-B815-FBD3628987A2}.Release|Any CPU.ActiveCfg = Release|Any CPU
		{87F64EF1-8430-48C7-B815-FBD3628987A2}.Release|Any CPU.Build.0 = Release|Any CPU
	EndGlobalSection
	GlobalSection(SolutionProperties) = preSolution
		HideSolutionNode = FALSE
	EndGlobalSection
	GlobalSection(NestedProjects) = preSolution
		{D2570676-1478-44E2-88F1-C0A35434EB45} = {A953D5FE-3B9D-4472-AFA1-29C73CF9FBB5}
		{E0F68221-C752-4608-80C9-7130B49B75E7} = {1BCCAF77-C1B8-4437-A104-6341EEAFE0AA}
		{699CF3BE-5360-4D44-9436-6D0826E2A614} = {9EF969E3-EB17-45DD-AD65-806830583161}
		{87F64EF1-8430-48C7-B815-FBD3628987A2} = {699CF3BE-5360-4D44-9436-6D0826E2A614}
	EndGlobalSection
EndGlobal
